
Microsoft Visual Studio Solution File, Format Version 12.00
# Visual Studio Version 17
VisualStudioVersion = 17.13.35825.156 d17.13
MinimumVisualStudioVersion = 10.0.40219.1
Project("{FAE04EC0-301F-11D3-BF4B-00C04F79EFBC}") = "DataTablesSorting", "DataTablesSorting.csproj", "{67DE050A-8EE1-4430-AD71-A0CA16243EED}"
EndProject
Global
	GlobalSection(SolutionConfigurationPlatforms) = preSolution
		Debug|Any CPU = Debug|Any CPU
		Release|Any CPU = Release|Any CPU
	EndGlobalSection
	GlobalSection(ProjectConfigurationPlatforms) = postSolution
		{67DE050A-8EE1-4430-AD71-A0CA16243EED}.Debug|Any CPU.ActiveCfg = Debug|Any CPU
		{67DE050A-8EE1-4430-AD71-A0CA16243EED}.Debug|Any CPU.Build.0 = Debug|Any CPU
		{67DE050A-8EE1-4430-AD71-A0CA16243EED}.Release|Any CPU.ActiveCfg = Release|Any CPU
		{67DE050A-8EE1-4430-AD71-A0CA16243EED}.Release|Any CPU.Build.0 = Release|Any CPU
	EndGlobalSection
	GlobalSection(SolutionProperties) = preSolution
		HideSolutionNode = FALSE
	EndGlobalSection
	GlobalSection(ExtensibilityGlobals) = postSolution
		SolutionGuid = {0603DBC9-BC82-46C7-B67E-3BF720D42E5A}
	EndGlobalSection
EndGlobal
