
Microsoft Visual Studio Solution File, Format Version 12.00
# Visual Studio Version 17
VisualStudioVersion = 17.13.35825.156 d17.13
MinimumVisualStudioVersion = 10.0.40219.1
Project("{FAE04EC0-301F-11D3-BF4B-00C04F79EFBC}") = "ComprehensiveTestSuite", "ComprehensiveTestSuite.csproj", "{08968FB3-E946-4B89-B3A2-EB262882250A}"
EndProject
Global
	GlobalSection(SolutionConfigurationPlatforms) = preSolution
		Debug|Any CPU = Debug|Any CPU
		Release|Any CPU = Release|Any CPU
	EndGlobalSection
	GlobalSection(ProjectConfigurationPlatforms) = postSolution
		{08968FB3-E946-4B89-B3A2-EB262882250A}.Debug|Any CPU.ActiveCfg = Debug|Any CPU
		{08968FB3-E946-4B89-B3A2-EB262882250A}.Debug|Any CPU.Build.0 = Debug|Any CPU
		{08968FB3-E946-4B89-B3A2-EB262882250A}.Release|Any CPU.ActiveCfg = Release|Any CPU
		{08968FB3-E946-4B89-B3A2-EB262882250A}.Release|Any CPU.Build.0 = Release|Any CPU
	EndGlobalSection
	GlobalSection(SolutionProperties) = preSolution
		HideSolutionNode = FALSE
	EndGlobalSection
	GlobalSection(ExtensibilityGlobals) = postSolution
		SolutionGuid = {18F7818C-4F8F-4560-8CC0-2F00A46CBF7C}
	EndGlobalSection
EndGlobal
