
Microsoft Visual Studio Solution File, Format Version 12.00
# Visual Studio Version 17
VisualStudioVersion = 17.13.35825.156 d17.13
MinimumVisualStudioVersion = 10.0.40219.1
Project("{FAE04EC0-301F-11D3-BF4B-00C04F79EFBC}") = "LoginPageAutomation", "LoginPageAutomation.csproj", "{19DC87D4-404E-414C-8088-57F66A15AFC6}"
EndProject
Global
	GlobalSection(SolutionConfigurationPlatforms) = preSolution
		Debug|Any CPU = Debug|Any CPU
		Release|Any CPU = Release|Any CPU
	EndGlobalSection
	GlobalSection(ProjectConfigurationPlatforms) = postSolution
		{19DC87D4-404E-414C-8088-57F66A15AFC6}.Debug|Any CPU.ActiveCfg = Debug|Any CPU
		{19DC87D4-404E-414C-8088-57F66A15AFC6}.Debug|Any CPU.Build.0 = Debug|Any CPU
		{19DC87D4-404E-414C-8088-57F66A15AFC6}.Release|Any CPU.ActiveCfg = Release|Any CPU
		{19DC87D4-404E-414C-8088-57F66A15AFC6}.Release|Any CPU.Build.0 = Release|Any CPU
	EndGlobalSection
	GlobalSection(SolutionProperties) = preSolution
		HideSolutionNode = FALSE
	EndGlobalSection
	GlobalSection(ExtensibilityGlobals) = postSolution
		SolutionGuid = {7580EEC1-E5D7-4658-9D00-AAC3E9AA13DC}
	EndGlobalSection
EndGlobal
